
Microsoft Visual Studio Solution File, Format Version 12.00
# Visual Studio Version 16
VisualStudioVersion = 16.0.32106.194
MinimumVisualStudioVersion = 10.0.40219.1
Project("{FAE04EC0-301F-11D3-BF4B-00C04F79EFBC}") = "LabWork6_Generic", "LabWork6_Generic\LabWork6_Generic.csproj", "{22F5D697-26CF-40A4-B597-70A9AC62B073}"
EndProject
Global
	GlobalSection(SolutionConfigurationPlatforms) = preSolution
		Debug|Any CPU = Debug|Any CPU
		Release|Any CPU = Release|Any CPU
	EndGlobalSection
	GlobalSection(ProjectConfigurationPlatforms) = postSolution
		{22F5D697-26CF-40A4-B597-70A9AC62B073}.Debug|Any CPU.ActiveCfg = Debug|Any CPU
		{22F5D697-26CF-40A4-B597-70A9AC62B073}.Debug|Any CPU.Build.0 = Debug|Any CPU
		{22F5D697-26CF-40A4-B597-70A9AC62B073}.Release|Any CPU.ActiveCfg = Release|Any CPU
		{22F5D697-26CF-40A4-B597-70A9AC62B073}.Release|Any CPU.Build.0 = Release|Any CPU
	EndGlobalSection
	GlobalSection(SolutionProperties) = preSolution
		HideSolutionNode = FALSE
	EndGlobalSection
	GlobalSection(ExtensibilityGlobals) = postSolution
		SolutionGuid = {22E5F422-9C58-4730-802A-9D8320AA9DEB}
	EndGlobalSection
EndGlobal
